<?xml version="1.0" encoding="utf-8"?>
<Project ToolsVersion="4.0" xmlns="http://schemas.microsoft.com/developer/msbuild/2003">
  <ItemGroup>
    <Filter Include="Source Files">
      <UniqueIdentifier>{eb46b191-20e8-4ef7-b934-beb8c88a2996}</UniqueIdentifier>
      <Extensions>cpp;c;cxx;rc;def;r;odl;idl;hpj;bat</Extensions>
    </Filter>
    <Filter Include="Header Files">
      <UniqueIdentifier>{0f7f9e13-87c9-45c6-81d2-20220c83ec7c}</UniqueIdentifier>
      <Extensions>h;hpp;hxx;hm;inl</Extensions>
    </Filter>
    <Filter Include="Resource Files">
      <UniqueIdentifier>{85fe1e56-e7fd-4919-be3b-1fea46d947f3}</UniqueIdentifier>
      <Extensions>ico;cur;bmp;dlg;rc2;rct;bin;rgs;gif;jpg;jpeg;jpe</Extensions>
    </Filter>
  </ItemGroup>
  <ItemGroup>
    <ClCompile Include="DialogueBox.cpp">
      <Filter>Source Files</Filter>
    </ClCompile>
    <ClCompile Include="EyePos.cpp">
      <Filter>Source Files</Filter>
    </ClCompile>
    <ClCompile Include="File_n_Folders.cpp">
      <Filter>Source Files</Filter>
    </ClCompile>
    <ClCompile Include="Graph2D.cpp">
      <Filter>Source Files</Filter>
    </ClCompile>
    <ClCompile Include="MainFrm.cpp">
      <Filter>Source Files</Filter>
    </ClCompile>
    <ClCompile Include="OrbitView.cpp">
      <Filter>Source Files</Filter>
    </ClCompile>
    <ClCompile Include="OrbitViewDoc.cpp">
      <Filter>Source Files</Filter>
    </ClCompile>
    <ClCompile Include="OrbitViewView.cpp">
      <Filter>Source Files</Filter>
    </ClCompile>
    <ClCompile Include="Record_n_ Replay.cpp">
      <Filter>Source Files</Filter>
    </ClCompile>
    <ClCompile Include="StdAfx.cpp">
      <Filter>Source Files</Filter>
    </ClCompile>
  </ItemGroup>
  <ItemGroup>
    <ResourceCompile Include="OrbitView.rc">
      <Filter>Source Files</Filter>
    </ResourceCompile>
  </ItemGroup>
  <ItemGroup>
    <ClInclude Include="DialogueBox.h">
      <Filter>Header Files</Filter>
    </ClInclude>
    <ClInclude Include="Graph2D.h">
      <Filter>Header Files</Filter>
    </ClInclude>
    <ClInclude Include="MainFrm.h">
      <Filter>Header Files</Filter>
    </ClInclude>
    <ClInclude Include="OrbitView.h">
      <Filter>Header Files</Filter>
    </ClInclude>
    <ClInclude Include="OrbitViewDoc.h">
      <Filter>Header Files</Filter>
    </ClInclude>
    <ClInclude Include="OrbitViewView.h">
      <Filter>Header Files</Filter>
    </ClInclude>
    <ClInclude Include="Resource.h">
      <Filter>Header Files</Filter>
    </ClInclude>
    <ClInclude Include="SinTable.h">
      <Filter>Header Files</Filter>
    </ClInclude>
    <ClInclude Include="StdAfx.h">
      <Filter>Header Files</Filter>
    </ClInclude>
    <ClInclude Include="ThreeD.h">
      <Filter>Header Files</Filter>
    </ClInclude>
    <ClInclude Include="VarDefinitions.h">
      <Filter>Header Files</Filter>
    </ClInclude>
  </ItemGroup>
  <ItemGroup>
    <None Include="res\cursor1.cur">
      <Filter>Resource Files</Filter>
    </None>
    <None Include="res\OrbitView.ico">
      <Filter>Resource Files</Filter>
    </None>
    <None Include="res\OrbitView.rc2">
      <Filter>Resource Files</Filter>
    </None>
    <None Include="res\OrbitViewDoc.ico">
      <Filter>Resource Files</Filter>
    </None>
    <None Include="res\Toolbar.bmp">
      <Filter>Resource Files</Filter>
    </None>
    <None Include="ReadMe.txt" />
  </ItemGroup>
</Project>